
Microsoft Visual Studio Solution File, Format Version 12.00
# Visual Studio Version 17
VisualStudioVersion = 17.1.31911.260
MinimumVisualStudioVersion = 10.0.40219.1
Project("{9A19103F-16F7-4668-BE54-9A1E7A4F7556}") = "EtCore.Api", "EtCoreApi\EtCore.Api.csproj", "{0D634E7F-167D-4D4B-B512-BCBC0BABA35C}"
EndProject
Project("{9A19103F-16F7-4668-BE54-9A1E7A4F7556}") = "EtCore.UnitTests", "EtCoreUT\EtCore.UnitTests.csproj", "{E4BE1756-9111-48E9-A6DA-C971EFB56964}"
EndProject
Global
	GlobalSection(SolutionConfigurationPlatforms) = preSolution
		Debug|Any CPU = Debug|Any CPU
		Release|Any CPU = Release|Any CPU
	EndGlobalSection
	GlobalSection(ProjectConfigurationPlatforms) = postSolution
		{0D634E7F-167D-4D4B-B512-BCBC0BABA35C}.Debug|Any CPU.ActiveCfg = Debug|Any CPU
		{0D634E7F-167D-4D4B-B512-BCBC0BABA35C}.Debug|Any CPU.Build.0 = Debug|Any CPU
		{0D634E7F-167D-4D4B-B512-BCBC0BABA35C}.Release|Any CPU.ActiveCfg = Release|Any CPU
		{0D634E7F-167D-4D4B-B512-BCBC0BABA35C}.Release|Any CPU.Build.0 = Release|Any CPU
		{E4BE1756-9111-48E9-A6DA-C971EFB56964}.Debug|Any CPU.ActiveCfg = Debug|Any CPU
		{E4BE1756-9111-48E9-A6DA-C971EFB56964}.Debug|Any CPU.Build.0 = Debug|Any CPU
		{E4BE1756-9111-48E9-A6DA-C971EFB56964}.Release|Any CPU.ActiveCfg = Release|Any CPU
		{E4BE1756-9111-48E9-A6DA-C971EFB56964}.Release|Any CPU.Build.0 = Release|Any CPU
	EndGlobalSection
	GlobalSection(SolutionProperties) = preSolution
		HideSolutionNode = FALSE
	EndGlobalSection
	GlobalSection(ExtensibilityGlobals) = postSolution
		SolutionGuid = {B9633DB4-63B0-476D-8DF4-D3D945AF704A}
	EndGlobalSection
EndGlobal
